
Microsoft Visual Studio Solution File, Format Version 12.00
# Visual Studio Version 17
VisualStudioVersion = 17.0.31903.59
MinimumVisualStudioVersion = 10.0.40219.1
Project("{FAE04EC0-301F-11D3-BF4B-00C04F79EFBC}") = "API", "API\API.csproj", "{DCF959F6-C981-4654-83B1-B4386B989D2F}"
EndProject
Project("{FAE04EC0-301F-11D3-BF4B-00C04F79EFBC}") = "Application", "Application\Application.csproj", "{78779B4B-6C3A-433B-94D0-02715929A425}"
EndProject
Project("{FAE04EC0-301F-11D3-BF4B-00C04F79EFBC}") = "Domain", "Domain\Domain.csproj", "{0F65C54F-CBF8-4E3C-B230-C7675EC6BB3F}"
EndProject
Project("{FAE04EC0-301F-11D3-BF4B-00C04F79EFBC}") = "Persistence", "Persistence\Persistence.csproj", "{18D0B1BF-CF32-41DD-89F0-127F2CD7C780}"
EndProject
Global
	GlobalSection(SolutionConfigurationPlatforms) = preSolution
		Debug|Any CPU = Debug|Any CPU
		Release|Any CPU = Release|Any CPU
	EndGlobalSection
	GlobalSection(SolutionProperties) = preSolution
		HideSolutionNode = FALSE
	EndGlobalSection
	GlobalSection(ProjectConfigurationPlatforms) = postSolution
		{DCF959F6-C981-4654-83B1-B4386B989D2F}.Debug|Any CPU.ActiveCfg = Debug|Any CPU
		{DCF959F6-C981-4654-83B1-B4386B989D2F}.Debug|Any CPU.Build.0 = Debug|Any CPU
		{DCF959F6-C981-4654-83B1-B4386B989D2F}.Release|Any CPU.ActiveCfg = Release|Any CPU
		{DCF959F6-C981-4654-83B1-B4386B989D2F}.Release|Any CPU.Build.0 = Release|Any CPU
		{78779B4B-6C3A-433B-94D0-02715929A425}.Debug|Any CPU.ActiveCfg = Debug|Any CPU
		{78779B4B-6C3A-433B-94D0-02715929A425}.Debug|Any CPU.Build.0 = Debug|Any CPU
		{78779B4B-6C3A-433B-94D0-02715929A425}.Release|Any CPU.ActiveCfg = Release|Any CPU
		{78779B4B-6C3A-433B-94D0-02715929A425}.Release|Any CPU.Build.0 = Release|Any CPU
		{0F65C54F-CBF8-4E3C-B230-C7675EC6BB3F}.Debug|Any CPU.ActiveCfg = Debug|Any CPU
		{0F65C54F-CBF8-4E3C-B230-C7675EC6BB3F}.Debug|Any CPU.Build.0 = Debug|Any CPU
		{0F65C54F-CBF8-4E3C-B230-C7675EC6BB3F}.Release|Any CPU.ActiveCfg = Release|Any CPU
		{0F65C54F-CBF8-4E3C-B230-C7675EC6BB3F}.Release|Any CPU.Build.0 = Release|Any CPU
		{18D0B1BF-CF32-41DD-89F0-127F2CD7C780}.Debug|Any CPU.ActiveCfg = Debug|Any CPU
		{18D0B1BF-CF32-41DD-89F0-127F2CD7C780}.Debug|Any CPU.Build.0 = Debug|Any CPU
		{18D0B1BF-CF32-41DD-89F0-127F2CD7C780}.Release|Any CPU.ActiveCfg = Release|Any CPU
		{18D0B1BF-CF32-41DD-89F0-127F2CD7C780}.Release|Any CPU.Build.0 = Release|Any CPU
	EndGlobalSection
EndGlobal
